
Microsoft Visual Studio Solution File, Format Version 12.00
# Visual Studio 15
VisualStudioVersion = 15.0.28010.2036
MinimumVisualStudioVersion = 10.0.40219.1
Project("{8BC9CEB8-8B4A-11D0-8D11-00A0C91BC942}") = "TestServer", "TestServer\TestServer.vcxproj", "{B021E36A-9F0B-4A69-BD8A-FA7863B03838}"
EndProject
Project("{8BC9CEB8-8B4A-11D0-8D11-00A0C91BC942}") = "G-LOC", "G-LOC\G-LOC.vcxproj", "{C5F80730-F44F-4478-BDAE-6634EFC2CA88}"
EndProject
Project("{2150E333-8FDC-42A3-9474-1A3956D46DE8}") = "Examples", "Examples", "{E7E704C3-C0C9-4003-BCC3-4601E1504EE4}"
EndProject
Project("{8BC9CEB8-8B4A-11D0-8D11-00A0C91BC942}") = "AFMotor_ConstantSpeed", "..\..\Documents\Arduino\My Examples\AFMotor_ConstantSpeed\AFMotor_ConstantSpeed.vcxproj", "{6CD6DC9B-31A8-403F-8A14-7E2D30E4F22D}"
EndProject
Project("{8BC9CEB8-8B4A-11D0-8D11-00A0C91BC942}") = "WiFiUDPClient", "..\..\Documents\Arduino\My Examples\WiFiUDPClient\WiFiUDPClient.vcxproj", "{E39D30C8-52E4-4709-841B-09C0B26DB68D}"
EndProject
Global
	GlobalSection(SolutionConfigurationPlatforms) = preSolution
		Debug|ARM = Debug|ARM
		Debug|ARM64 = Debug|ARM64
		Debug|x64 = Debug|x64
		Debug|x86 = Debug|x86
		Release|ARM = Release|ARM
		Release|ARM64 = Release|ARM64
		Release|x64 = Release|x64
		Release|x86 = Release|x86
	EndGlobalSection
	GlobalSection(ProjectConfigurationPlatforms) = postSolution
		{B021E36A-9F0B-4A69-BD8A-FA7863B03838}.Debug|ARM.ActiveCfg = Debug|Win32
		{B021E36A-9F0B-4A69-BD8A-FA7863B03838}.Debug|ARM64.ActiveCfg = Debug|Win32
		{B021E36A-9F0B-4A69-BD8A-FA7863B03838}.Debug|x64.ActiveCfg = Debug|x64
		{B021E36A-9F0B-4A69-BD8A-FA7863B03838}.Debug|x64.Build.0 = Debug|x64
		{B021E36A-9F0B-4A69-BD8A-FA7863B03838}.Debug|x86.ActiveCfg = Debug|Win32
		{B021E36A-9F0B-4A69-BD8A-FA7863B03838}.Debug|x86.Build.0 = Debug|Win32
		{B021E36A-9F0B-4A69-BD8A-FA7863B03838}.Release|ARM.ActiveCfg = Release|Win32
		{B021E36A-9F0B-4A69-BD8A-FA7863B03838}.Release|ARM64.ActiveCfg = Release|Win32
		{B021E36A-9F0B-4A69-BD8A-FA7863B03838}.Release|x64.ActiveCfg = Release|x64
		{B021E36A-9F0B-4A69-BD8A-FA7863B03838}.Release|x64.Build.0 = Release|x64
		{B021E36A-9F0B-4A69-BD8A-FA7863B03838}.Release|x86.ActiveCfg = Release|Win32
		{B021E36A-9F0B-4A69-BD8A-FA7863B03838}.Release|x86.Build.0 = Release|Win32
		{C5F80730-F44F-4478-BDAE-6634EFC2CA88}.Debug|ARM.ActiveCfg = Debug|Win32
		{C5F80730-F44F-4478-BDAE-6634EFC2CA88}.Debug|ARM64.ActiveCfg = Debug|Win32
		{C5F80730-F44F-4478-BDAE-6634EFC2CA88}.Debug|x64.ActiveCfg = Debug|Win32
		{C5F80730-F44F-4478-BDAE-6634EFC2CA88}.Debug|x86.ActiveCfg = Debug|Win32
		{C5F80730-F44F-4478-BDAE-6634EFC2CA88}.Debug|x86.Build.0 = Debug|Win32
		{C5F80730-F44F-4478-BDAE-6634EFC2CA88}.Release|ARM.ActiveCfg = Release|Win32
		{C5F80730-F44F-4478-BDAE-6634EFC2CA88}.Release|ARM64.ActiveCfg = Release|Win32
		{C5F80730-F44F-4478-BDAE-6634EFC2CA88}.Release|x64.ActiveCfg = Release|Win32
		{C5F80730-F44F-4478-BDAE-6634EFC2CA88}.Release|x86.ActiveCfg = Release|Win32
		{C5F80730-F44F-4478-BDAE-6634EFC2CA88}.Release|x86.Build.0 = Release|Win32
		{6CD6DC9B-31A8-403F-8A14-7E2D30E4F22D}.Debug|ARM.ActiveCfg = Debug|Win32
		{6CD6DC9B-31A8-403F-8A14-7E2D30E4F22D}.Debug|ARM64.ActiveCfg = Debug|Win32
		{6CD6DC9B-31A8-403F-8A14-7E2D30E4F22D}.Debug|x64.ActiveCfg = Debug|Win32
		{6CD6DC9B-31A8-403F-8A14-7E2D30E4F22D}.Debug|x86.ActiveCfg = Debug|Win32
		{6CD6DC9B-31A8-403F-8A14-7E2D30E4F22D}.Debug|x86.Build.0 = Debug|Win32
		{6CD6DC9B-31A8-403F-8A14-7E2D30E4F22D}.Release|ARM.ActiveCfg = Release|Win32
		{6CD6DC9B-31A8-403F-8A14-7E2D30E4F22D}.Release|ARM64.ActiveCfg = Release|Win32
		{6CD6DC9B-31A8-403F-8A14-7E2D30E4F22D}.Release|x64.ActiveCfg = Release|Win32
		{6CD6DC9B-31A8-403F-8A14-7E2D30E4F22D}.Release|x86.ActiveCfg = Release|Win32
		{6CD6DC9B-31A8-403F-8A14-7E2D30E4F22D}.Release|x86.Build.0 = Release|Win32
		{E39D30C8-52E4-4709-841B-09C0B26DB68D}.Debug|ARM.ActiveCfg = Debug|Win32
		{E39D30C8-52E4-4709-841B-09C0B26DB68D}.Debug|ARM64.ActiveCfg = Debug|Win32
		{E39D30C8-52E4-4709-841B-09C0B26DB68D}.Debug|x64.ActiveCfg = Debug|Win32
		{E39D30C8-52E4-4709-841B-09C0B26DB68D}.Debug|x86.ActiveCfg = Debug|Win32
		{E39D30C8-52E4-4709-841B-09C0B26DB68D}.Debug|x86.Build.0 = Debug|Win32
		{E39D30C8-52E4-4709-841B-09C0B26DB68D}.Release|ARM.ActiveCfg = Release|Win32
		{E39D30C8-52E4-4709-841B-09C0B26DB68D}.Release|ARM64.ActiveCfg = Release|Win32
		{E39D30C8-52E4-4709-841B-09C0B26DB68D}.Release|x64.ActiveCfg = Release|Win32
		{E39D30C8-52E4-4709-841B-09C0B26DB68D}.Release|x86.ActiveCfg = Release|Win32
		{E39D30C8-52E4-4709-841B-09C0B26DB68D}.Release|x86.Build.0 = Release|Win32
	EndGlobalSection
	GlobalSection(SolutionProperties) = preSolution
		HideSolutionNode = FALSE
	EndGlobalSection
	GlobalSection(NestedProjects) = preSolution
		{6CD6DC9B-31A8-403F-8A14-7E2D30E4F22D} = {E7E704C3-C0C9-4003-BCC3-4601E1504EE4}
		{E39D30C8-52E4-4709-841B-09C0B26DB68D} = {E7E704C3-C0C9-4003-BCC3-4601E1504EE4}
	EndGlobalSection
	GlobalSection(ExtensibilityGlobals) = postSolution
		SolutionGuid = {4C362B57-AC73-4262-B342-2C4923C80812}
	EndGlobalSection
EndGlobal
